
Microsoft Visual Studio Solution File, Format Version 12.00
# Visual Studio 15
VisualStudioVersion = 15.0.26430.16
MinimumVisualStudioVersion = 10.0.40219.1
Project("{FAE04EC0-301F-11D3-BF4B-00C04F79EFBC}") = "UI", "UI\UI.csproj", "{FBFBC655-1E8D-44E9-949A-B54DFFEDE8AA}"
EndProject
Project("{FAE04EC0-301F-11D3-BF4B-00C04F79EFBC}") = "DAL", "DAL\DAL.csproj", "{548ED4D0-6FA8-42D8-8981-E61A5A4D3924}"
EndProject
Project("{FAE04EC0-301F-11D3-BF4B-00C04F79EFBC}") = "BLL", "BLL\BLL.csproj", "{0674731A-E45E-457F-8A65-B9EE55721532}"
EndProject
Global
	GlobalSection(SolutionConfigurationPlatforms) = preSolution
		Debug|Any CPU = Debug|Any CPU
		Release|Any CPU = Release|Any CPU
	EndGlobalSection
	GlobalSection(ProjectConfigurationPlatforms) = postSolution
		{FBFBC655-1E8D-44E9-949A-B54DFFEDE8AA}.Debug|Any CPU.ActiveCfg = Debug|Any CPU
		{FBFBC655-1E8D-44E9-949A-B54DFFEDE8AA}.Debug|Any CPU.Build.0 = Debug|Any CPU
		{FBFBC655-1E8D-44E9-949A-B54DFFEDE8AA}.Release|Any CPU.ActiveCfg = Release|Any CPU
		{FBFBC655-1E8D-44E9-949A-B54DFFEDE8AA}.Release|Any CPU.Build.0 = Release|Any CPU
		{548ED4D0-6FA8-42D8-8981-E61A5A4D3924}.Debug|Any CPU.ActiveCfg = Debug|Any CPU
		{548ED4D0-6FA8-42D8-8981-E61A5A4D3924}.Debug|Any CPU.Build.0 = Debug|Any CPU
		{548ED4D0-6FA8-42D8-8981-E61A5A4D3924}.Release|Any CPU.ActiveCfg = Release|Any CPU
		{548ED4D0-6FA8-42D8-8981-E61A5A4D3924}.Release|Any CPU.Build.0 = Release|Any CPU
		{0674731A-E45E-457F-8A65-B9EE55721532}.Debug|Any CPU.ActiveCfg = Debug|Any CPU
		{0674731A-E45E-457F-8A65-B9EE55721532}.Debug|Any CPU.Build.0 = Debug|Any CPU
		{0674731A-E45E-457F-8A65-B9EE55721532}.Release|Any CPU.ActiveCfg = Release|Any CPU
		{0674731A-E45E-457F-8A65-B9EE55721532}.Release|Any CPU.Build.0 = Release|Any CPU
	EndGlobalSection
	GlobalSection(SolutionProperties) = preSolution
		HideSolutionNode = FALSE
	EndGlobalSection
EndGlobal
